{
  "name": "@nemeda/agent-kit",
  "version": "0.2.3",
  "lockfileVersion": 3,
  "requires": true,
  "packages": {
    "": {
      "name": "@nemeda/agent-kit",
      "version": "0.2.3",
      "bin": {
        "nemeda-agent": "scripts/cli.mjs",
        "nemeda-agent-mcp": "scripts/mcp-server.mjs"
      },
      "engines": {
        "node": ">=20"
      }
    }
  }
}
